
Microsoft Visual Studio Solution File, Format Version 12.00
# Visual Studio Version 16
VisualStudioVersion = 16.0.30104.148
MinimumVisualStudioVersion = 10.0.40219.1
Project("{9A19103F-16F7-4668-BE54-9A1E7A4F7556}") = "SocialMedia.Api", "SocialMedia.Api\SocialMedia.Api.csproj", "{74A9EA76-2639-458B-9E90-7991F743423D}"
EndProject
Project("{9A19103F-16F7-4668-BE54-9A1E7A4F7556}") = "SocialMedia.Core", "SocialMedia.Core\SocialMedia.Core.csproj", "{676D3CAE-0B3F-47A9-9205-5F98A6D95C9B}"
EndProject
Project("{9A19103F-16F7-4668-BE54-9A1E7A4F7556}") = "SocialMedia.Infrastructure", "SocialMedia.Infrastructure\SocialMedia.Infrastructure.csproj", "{F9C11F34-D01F-470B-9853-128B6166BBE4}"
EndProject
Project("{2150E333-8FDC-42A3-9474-1A3956D46DE8}") = "Tests", "Tests", "{F856A231-5AC0-4FAB-B0C9-99C70FF20F61}"
EndProject
Project("{9A19103F-16F7-4668-BE54-9A1E7A4F7556}") = "SocialMedia.UnitTest", "SocialMedia.UnitTest\SocialMedia.UnitTest.csproj", "{32D2A6D1-4995-4A26-A94A-E229C5D2018D}"
EndProject
Project("{9A19103F-16F7-4668-BE54-9A1E7A4F7556}") = "SocialMedia.IntegrationTests", "SocialMedia.IntegrationTests\SocialMedia.IntegrationTests.csproj", "{DEDE0C6F-4DF9-4C46-8A81-DD34E1043276}"
EndProject
Global
	GlobalSection(SolutionConfigurationPlatforms) = preSolution
		Debug|Any CPU = Debug|Any CPU
		Release|Any CPU = Release|Any CPU
	EndGlobalSection
	GlobalSection(ProjectConfigurationPlatforms) = postSolution
		{74A9EA76-2639-458B-9E90-7991F743423D}.Debug|Any CPU.ActiveCfg = Debug|Any CPU
		{74A9EA76-2639-458B-9E90-7991F743423D}.Debug|Any CPU.Build.0 = Debug|Any CPU
		{74A9EA76-2639-458B-9E90-7991F743423D}.Release|Any CPU.ActiveCfg = Release|Any CPU
		{74A9EA76-2639-458B-9E90-7991F743423D}.Release|Any CPU.Build.0 = Release|Any CPU
		{676D3CAE-0B3F-47A9-9205-5F98A6D95C9B}.Debug|Any CPU.ActiveCfg = Debug|Any CPU
		{676D3CAE-0B3F-47A9-9205-5F98A6D95C9B}.Debug|Any CPU.Build.0 = Debug|Any CPU
		{676D3CAE-0B3F-47A9-9205-5F98A6D95C9B}.Release|Any CPU.ActiveCfg = Release|Any CPU
		{676D3CAE-0B3F-47A9-9205-5F98A6D95C9B}.Release|Any CPU.Build.0 = Release|Any CPU
		{F9C11F34-D01F-470B-9853-128B6166BBE4}.Debug|Any CPU.ActiveCfg = Debug|Any CPU
		{F9C11F34-D01F-470B-9853-128B6166BBE4}.Debug|Any CPU.Build.0 = Debug|Any CPU
		{F9C11F34-D01F-470B-9853-128B6166BBE4}.Release|Any CPU.ActiveCfg = Release|Any CPU
		{F9C11F34-D01F-470B-9853-128B6166BBE4}.Release|Any CPU.Build.0 = Release|Any CPU
		{32D2A6D1-4995-4A26-A94A-E229C5D2018D}.Debug|Any CPU.ActiveCfg = Debug|Any CPU
		{32D2A6D1-4995-4A26-A94A-E229C5D2018D}.Debug|Any CPU.Build.0 = Debug|Any CPU
		{32D2A6D1-4995-4A26-A94A-E229C5D2018D}.Release|Any CPU.ActiveCfg = Release|Any CPU
		{32D2A6D1-4995-4A26-A94A-E229C5D2018D}.Release|Any CPU.Build.0 = Release|Any CPU
		{DEDE0C6F-4DF9-4C46-8A81-DD34E1043276}.Debug|Any CPU.ActiveCfg = Debug|Any CPU
		{DEDE0C6F-4DF9-4C46-8A81-DD34E1043276}.Debug|Any CPU.Build.0 = Debug|Any CPU
		{DEDE0C6F-4DF9-4C46-8A81-DD34E1043276}.Release|Any CPU.ActiveCfg = Release|Any CPU
		{DEDE0C6F-4DF9-4C46-8A81-DD34E1043276}.Release|Any CPU.Build.0 = Release|Any CPU
	EndGlobalSection
	GlobalSection(SolutionProperties) = preSolution
		HideSolutionNode = FALSE
	EndGlobalSection
	GlobalSection(NestedProjects) = preSolution
		{32D2A6D1-4995-4A26-A94A-E229C5D2018D} = {F856A231-5AC0-4FAB-B0C9-99C70FF20F61}
		{DEDE0C6F-4DF9-4C46-8A81-DD34E1043276} = {F856A231-5AC0-4FAB-B0C9-99C70FF20F61}
	EndGlobalSection
	GlobalSection(ExtensibilityGlobals) = postSolution
		SolutionGuid = {E49E3BC1-894C-46C9-995D-BA848025280B}
	EndGlobalSection
EndGlobal
